
Microsoft Visual Studio Solution File, Format Version 12.00
# Visual Studio Version 16
VisualStudioVersion = 16.0.30907.101
MinimumVisualStudioVersion = 10.0.40219.1
Project("{FAE04EC0-301F-11D3-BF4B-00C04F79EFBC}") = "ProjectRenamer", "ProjectRenamer\ProjectRenamer.csproj", "{FC3069D6-8C18-47AE-B4D6-2AE8EDABA28E}"
EndProject
Global
	GlobalSection(SolutionConfigurationPlatforms) = preSolution
		Debug|Any CPU = Debug|Any CPU
		Release|Any CPU = Release|Any CPU
	EndGlobalSection
	GlobalSection(ProjectConfigurationPlatforms) = postSolution
		{FC3069D6-8C18-47AE-B4D6-2AE8EDABA28E}.Debug|Any CPU.ActiveCfg = Debug|Any CPU
		{FC3069D6-8C18-47AE-B4D6-2AE8EDABA28E}.Debug|Any CPU.Build.0 = Debug|Any CPU
		{FC3069D6-8C18-47AE-B4D6-2AE8EDABA28E}.Release|Any CPU.ActiveCfg = Release|Any CPU
		{FC3069D6-8C18-47AE-B4D6-2AE8EDABA28E}.Release|Any CPU.Build.0 = Release|Any CPU
	EndGlobalSection
	GlobalSection(SolutionProperties) = preSolution
		HideSolutionNode = FALSE
	EndGlobalSection
	GlobalSection(ExtensibilityGlobals) = postSolution
		SolutionGuid = {666148A5-03BB-4C82-84B6-B1F4AE99648C}
	EndGlobalSection
EndGlobal
